
Microsoft Visual Studio Solution File, Format Version 12.00
# Visual Studio Version 16
VisualStudioVersion = 16.0.30204.135
MinimumVisualStudioVersion = 10.0.40219.1
Project("{FAE04EC0-301F-11D3-BF4B-00C04F79EFBC}") = "Souped_Up.Web", "Souped_Up\Souped_Up.Web.csproj", "{EB702C98-9345-4585-BD18-B283F52E4C9E}"
EndProject
Project("{FAE04EC0-301F-11D3-BF4B-00C04F79EFBC}") = "Souped_Up.Data", "Souped_Up.Data\Souped_Up.Data.csproj", "{9B6CA610-3CFA-4405-916B-344A14205998}"
EndProject
Project("{FAE04EC0-301F-11D3-BF4B-00C04F79EFBC}") = "Souped_Up.Services", "Souped_Up.Services\Souped_Up.Services.csproj", "{BFA65A91-ABF8-4694-8E78-E4CF7E29D288}"
EndProject
Project("{FAE04EC0-301F-11D3-BF4B-00C04F79EFBC}") = "Souped_Up.Repos", "Souped_Up.Repos\Souped_Up.Repos.csproj", "{77FE05F6-AF80-4203-8856-55713236E322}"
EndProject
Project("{FAE04EC0-301F-11D3-BF4B-00C04F79EFBC}") = "Souped_Up.Models", "Souped_Up.Models\Souped_Up.Models.csproj", "{1C4DEF9F-6EC9-4EF5-9AF4-8C08A6ECDA12}"
EndProject
Global
	GlobalSection(SolutionConfigurationPlatforms) = preSolution
		Debug|Any CPU = Debug|Any CPU
		Release|Any CPU = Release|Any CPU
	EndGlobalSection
	GlobalSection(ProjectConfigurationPlatforms) = postSolution
		{EB702C98-9345-4585-BD18-B283F52E4C9E}.Debug|Any CPU.ActiveCfg = Debug|Any CPU
		{EB702C98-9345-4585-BD18-B283F52E4C9E}.Debug|Any CPU.Build.0 = Debug|Any CPU
		{EB702C98-9345-4585-BD18-B283F52E4C9E}.Release|Any CPU.ActiveCfg = Release|Any CPU
		{EB702C98-9345-4585-BD18-B283F52E4C9E}.Release|Any CPU.Build.0 = Release|Any CPU
		{9B6CA610-3CFA-4405-916B-344A14205998}.Debug|Any CPU.ActiveCfg = Debug|Any CPU
		{9B6CA610-3CFA-4405-916B-344A14205998}.Debug|Any CPU.Build.0 = Debug|Any CPU
		{9B6CA610-3CFA-4405-916B-344A14205998}.Release|Any CPU.ActiveCfg = Release|Any CPU
		{9B6CA610-3CFA-4405-916B-344A14205998}.Release|Any CPU.Build.0 = Release|Any CPU
		{BFA65A91-ABF8-4694-8E78-E4CF7E29D288}.Debug|Any CPU.ActiveCfg = Debug|Any CPU
		{BFA65A91-ABF8-4694-8E78-E4CF7E29D288}.Debug|Any CPU.Build.0 = Debug|Any CPU
		{BFA65A91-ABF8-4694-8E78-E4CF7E29D288}.Release|Any CPU.ActiveCfg = Release|Any CPU
		{BFA65A91-ABF8-4694-8E78-E4CF7E29D288}.Release|Any CPU.Build.0 = Release|Any CPU
		{77FE05F6-AF80-4203-8856-55713236E322}.Debug|Any CPU.ActiveCfg = Debug|Any CPU
		{77FE05F6-AF80-4203-8856-55713236E322}.Debug|Any CPU.Build.0 = Debug|Any CPU
		{77FE05F6-AF80-4203-8856-55713236E322}.Release|Any CPU.ActiveCfg = Release|Any CPU
		{77FE05F6-AF80-4203-8856-55713236E322}.Release|Any CPU.Build.0 = Release|Any CPU
		{1C4DEF9F-6EC9-4EF5-9AF4-8C08A6ECDA12}.Debug|Any CPU.ActiveCfg = Debug|Any CPU
		{1C4DEF9F-6EC9-4EF5-9AF4-8C08A6ECDA12}.Debug|Any CPU.Build.0 = Debug|Any CPU
		{1C4DEF9F-6EC9-4EF5-9AF4-8C08A6ECDA12}.Release|Any CPU.ActiveCfg = Release|Any CPU
		{1C4DEF9F-6EC9-4EF5-9AF4-8C08A6ECDA12}.Release|Any CPU.Build.0 = Release|Any CPU
	EndGlobalSection
	GlobalSection(SolutionProperties) = preSolution
		HideSolutionNode = FALSE
	EndGlobalSection
	GlobalSection(ExtensibilityGlobals) = postSolution
		SolutionGuid = {25BFF663-B978-4B43-99BB-00F856405819}
	EndGlobalSection
EndGlobal
